<?xml version="1.0" encoding="utf-8"?>
<Project ToolsVersion="4.0" xmlns="http://schemas.microsoft.com/developer/msbuild/2003">
  <ItemGroup>
    <ClCompile Include="GameL\SetWindow.cpp">
      <Filter>リソースファイル</Filter>
    </ClCompile>
    <ClCompile Include="GameL\UserData.cpp">
      <Filter>リソースファイル</Filter>
    </ClCompile>
    <ClCompile Include="GameL\WinInputs.cpp">
      <Filter>リソースファイル</Filter>
    </ClCompile>
    <ClCompile Include="GameL\Audio.cpp">
      <Filter>リソースファイル</Filter>
    </ClCompile>
    <ClCompile Include="GameL\DirectXDevice.cpp">
      <Filter>リソースファイル</Filter>
    </ClCompile>
    <ClCompile Include="GameL\Draw2DTex_Source.cpp">
      <Filter>リソースファイル</Filter>
    </ClCompile>
    <ClCompile Include="GameL\DrawFont.cpp">
      <Filter>リソースファイル</Filter>
    </ClCompile>
    <ClCompile Include="GameL\DrawTexture.cpp">
      <Filter>リソースファイル</Filter>
    </ClCompile>
    <ClCompile Include="GameL\GameL_Main.cpp">
      <Filter>リソースファイル</Filter>
    </ClCompile>
    <ClCompile Include="GameL\HitBoxManager.cpp">
      <Filter>リソースファイル</Filter>
    </ClCompile>
    <ClCompile Include="GameL\MultiThread.cpp">
      <Filter>リソースファイル</Filter>
    </ClCompile>
    <ClCompile Include="ObjBlock.cpp">
      <Filter>GameMain</Filter>
    </ClCompile>
    <ClCompile Include="ObjEnemy.cpp">
      <Filter>GameMain</Filter>
    </ClCompile>
    <ClCompile Include="Objhand.cpp">
      <Filter>GameMain</Filter>
    </ClCompile>
    <ClCompile Include="ObjHero.cpp">
      <Filter>GameMain</Filter>
    </ClCompile>
    <ClCompile Include="Objmessage.cpp">
      <Filter>GameMain</Filter>
    </ClCompile>
    <ClCompile Include="ObjMessage2.cpp">
      <Filter>GameMain</Filter>
    </ClCompile>
    <ClCompile Include="ObjThorn.cpp">
      <Filter>GameMain</Filter>
    </ClCompile>
    <ClCompile Include="ObjTime.cpp">
      <Filter>GameMain</Filter>
    </ClCompile>
    <ClCompile Include="ObjTuta.cpp">
      <Filter>GameMain</Filter>
    </ClCompile>
    <ClCompile Include="SceneMain.cpp">
      <Filter>GameMain</Filter>
    </ClCompile>
    <ClCompile Include="ObjGameOption.cpp">
      <Filter>GameOption</Filter>
    </ClCompile>
    <ClCompile Include="SceneGameOption.cpp">
      <Filter>GameOption</Filter>
    </ClCompile>
    <ClCompile Include="GameL\SceneManager.cpp">
      <Filter>リソースファイル</Filter>
    </ClCompile>
    <ClCompile Include="SceneGameStart.cpp">
      <Filter>Gamestart</Filter>
    </ClCompile>
    <ClCompile Include="ObjGameStart.cpp">
      <Filter>Gamestart</Filter>
    </ClCompile>
    <ClCompile Include="SceneGameOver.cpp">
      <Filter>GameOver</Filter>
    </ClCompile>
    <ClCompile Include="ObjGameOver.cpp">
      <Filter>GameOver</Filter>
    </ClCompile>
    <ClCompile Include="ObjMapBacker.cpp">
      <Filter>Map関係</Filter>
    </ClCompile>
    <ClCompile Include="ObjMapChanger.cpp">
      <Filter>Map関係</Filter>
    </ClCompile>
    <ClCompile Include="GameL\SceneObjManager.cpp">
      <Filter>リソースファイル</Filter>
    </ClCompile>
    <ClCompile Include="ObjBoss.cpp">
      <Filter>GameMain</Filter>
    </ClCompile>
    <ClCompile Include="ObjEffect.cpp">
      <Filter>GameMain</Filter>
    </ClCompile>
    <ClCompile Include="SceneGameClear.cpp">
      <Filter>GameClear</Filter>
    </ClCompile>
    <ClCompile Include="ObjGameCleare.cpp">
      <Filter>GameClear</Filter>
    </ClCompile>
    <ClCompile Include="ScenePrologue.cpp">
      <Filter>プロローグ</Filter>
    </ClCompile>
    <ClCompile Include="ObjPrologue.cpp">
      <Filter>プロローグ</Filter>
    </ClCompile>
  </ItemGroup>
  <ItemGroup>
    <ClInclude Include="GameL\SetWindow.h">
      <Filter>リソースファイル</Filter>
    </ClInclude>
    <ClInclude Include="GameL\UserData.h">
      <Filter>リソースファイル</Filter>
    </ClInclude>
    <ClInclude Include="GameL\WinInputs.h">
      <Filter>リソースファイル</Filter>
    </ClInclude>
    <ClInclude Include="GameL\MultiThread.h">
      <Filter>リソースファイル</Filter>
    </ClInclude>
    <ClInclude Include="GameL\Audio.h">
      <Filter>リソースファイル</Filter>
    </ClInclude>
    <ClInclude Include="GameL\DirectXDevice.h">
      <Filter>リソースファイル</Filter>
    </ClInclude>
    <ClInclude Include="GameL\DrawFont.h">
      <Filter>リソースファイル</Filter>
    </ClInclude>
    <ClInclude Include="GameL\HitBoxManager.h">
      <Filter>リソースファイル</Filter>
    </ClInclude>
    <ClInclude Include="GameL\DrawTexture.h">
      <Filter>リソースファイル</Filter>
    </ClInclude>
    <ClInclude Include="GameHead.h">
      <Filter>ヘッダーファイル</Filter>
    </ClInclude>
    <ClInclude Include="main.h">
      <Filter>ヘッダーファイル</Filter>
    </ClInclude>
    <ClInclude Include="ObjBlock.h">
      <Filter>GameMain</Filter>
    </ClInclude>
    <ClInclude Include="ObjEnemy.h">
      <Filter>GameMain</Filter>
    </ClInclude>
    <ClInclude Include="Objhand.h">
      <Filter>GameMain</Filter>
    </ClInclude>
    <ClInclude Include="ObjHero.h">
      <Filter>GameMain</Filter>
    </ClInclude>
    <ClInclude Include="Objmessage.h">
      <Filter>GameMain</Filter>
    </ClInclude>
    <ClInclude Include="ObjMessage2.h">
      <Filter>GameMain</Filter>
    </ClInclude>
    <ClInclude Include="ObjThorn.h">
      <Filter>GameMain</Filter>
    </ClInclude>
    <ClInclude Include="ObjTime.h">
      <Filter>GameMain</Filter>
    </ClInclude>
    <ClInclude Include="ObjTuta.h">
      <Filter>GameMain</Filter>
    </ClInclude>
    <ClInclude Include="SceneMain.h">
      <Filter>GameMain</Filter>
    </ClInclude>
    <ClInclude Include="ObjGameOption.h">
      <Filter>GameOption</Filter>
    </ClInclude>
    <ClInclude Include="SceneGameOption.h">
      <Filter>GameOption</Filter>
    </ClInclude>
    <ClInclude Include="GameL\SceneManager.h">
      <Filter>リソースファイル</Filter>
    </ClInclude>
    <ClInclude Include="SceneGameStart.h">
      <Filter>Gamestart</Filter>
    </ClInclude>
    <ClInclude Include="ObjGameStart.h">
      <Filter>Gamestart</Filter>
    </ClInclude>
    <ClInclude Include="SceneGameOver.h">
      <Filter>GameOver</Filter>
    </ClInclude>
    <ClInclude Include="ObjGameOver.h">
      <Filter>GameOver</Filter>
    </ClInclude>
    <ClInclude Include="ObjMapChanger.h">
      <Filter>Map関係</Filter>
    </ClInclude>
    <ClInclude Include="ObjMapBacker.h">
      <Filter>Map関係</Filter>
    </ClInclude>
    <ClInclude Include="GameL\SceneObjManager.h">
      <Filter>リソースファイル</Filter>
    </ClInclude>
    <ClInclude Include="ObjEffect.h">
      <Filter>GameMain</Filter>
    </ClInclude>
    <ClInclude Include="SceneGameClear.h">
      <Filter>GameClear</Filter>
    </ClInclude>
    <ClInclude Include="ObjGameClear.h">
      <Filter>GameClear</Filter>
    </ClInclude>
    <ClInclude Include="ObjBoss.h">
      <Filter>GameMain</Filter>
    </ClInclude>
    <ClInclude Include="ObjPrologue.h">
      <Filter>プロローグ</Filter>
    </ClInclude>
    <ClInclude Include="ScenePrologue.h">
      <Filter>プロローグ</Filter>
    </ClInclude>
  </ItemGroup>
  <ItemGroup>
    <Filter Include="リソースファイル">
      <UniqueIdentifier>{30ed8f3c-2880-4500-ae95-e32e754e7c47}</UniqueIdentifier>
    </Filter>
    <Filter Include="ヘッダーファイル">
      <UniqueIdentifier>{a747df01-85a9-4602-8d42-298789fdde8d}</UniqueIdentifier>
    </Filter>
    <Filter Include="GameMain">
      <UniqueIdentifier>{928ac189-b5ab-47d3-8c23-35358771afa1}</UniqueIdentifier>
    </Filter>
    <Filter Include="GameOption">
      <UniqueIdentifier>{84001e96-2915-4003-8c25-6c5e0bb45bfe}</UniqueIdentifier>
    </Filter>
    <Filter Include="Gamestart">
      <UniqueIdentifier>{005cbaca-478d-452b-bb93-087aeeb827e3}</UniqueIdentifier>
    </Filter>
    <Filter Include="GameOver">
      <UniqueIdentifier>{93e15077-c42b-4630-923a-567a67614d54}</UniqueIdentifier>
    </Filter>
    <Filter Include="Map関係">
      <UniqueIdentifier>{bb888848-cc53-485f-b4e0-528efe66de92}</UniqueIdentifier>
    </Filter>
    <Filter Include="GameClear">
      <UniqueIdentifier>{03c3949a-7826-48f9-9c50-8a62d1326aab}</UniqueIdentifier>
    </Filter>
    <Filter Include="プロローグ">
      <UniqueIdentifier>{305f1e12-4022-4b7d-bceb-5aacd96dec4b}</UniqueIdentifier>
    </Filter>
  </ItemGroup>
</Project>